
Microsoft Visual Studio Solution File, Format Version 12.00
# Visual Studio 15
VisualStudioVersion = 15.0.27703.2000
MinimumVisualStudioVersion = 10.0.40219.1
Project("{FAE04EC0-301F-11D3-BF4B-00C04F79EFBC}") = "VirtualPet", "VirtualPet\VirtualPet.csproj", "{544A18DF-1C36-4FB2-BA7C-37ADE5043907}"
EndProject
Global
	GlobalSection(SolutionConfigurationPlatforms) = preSolution
		Debug|Any CPU = Debug|Any CPU
		Release|Any CPU = Release|Any CPU
	EndGlobalSection
	GlobalSection(ProjectConfigurationPlatforms) = postSolution
		{544A18DF-1C36-4FB2-BA7C-37ADE5043907}.Debug|Any CPU.ActiveCfg = Debug|Any CPU
		{544A18DF-1C36-4FB2-BA7C-37ADE5043907}.Debug|Any CPU.Build.0 = Debug|Any CPU
		{544A18DF-1C36-4FB2-BA7C-37ADE5043907}.Release|Any CPU.ActiveCfg = Release|Any CPU
		{544A18DF-1C36-4FB2-BA7C-37ADE5043907}.Release|Any CPU.Build.0 = Release|Any CPU
	EndGlobalSection
	GlobalSection(SolutionProperties) = preSolution
		HideSolutionNode = FALSE
	EndGlobalSection
	GlobalSection(ExtensibilityGlobals) = postSolution
		SolutionGuid = {D8C866FE-6978-483B-87A6-39304B0213E0}
	EndGlobalSection
EndGlobal
